
Microsoft Visual Studio Solution File, Format Version 12.00
# Visual Studio 15
VisualStudioVersion = 15.0.28010.2041
MinimumVisualStudioVersion = 10.0.40219.1
Project("{FAE04EC0-301F-11D3-BF4B-00C04F79EFBC}") = "WebJobJobHost", "WebJobJobHost\WebJobJobHost.csproj", "{59BF8F49-9491-437D-AB49-718DBE296007}"
EndProject
Global
	GlobalSection(SolutionConfigurationPlatforms) = preSolution
		Debug|Any CPU = Debug|Any CPU
		Release|Any CPU = Release|Any CPU
	EndGlobalSection
	GlobalSection(ProjectConfigurationPlatforms) = postSolution
		{59BF8F49-9491-437D-AB49-718DBE296007}.Debug|Any CPU.ActiveCfg = Debug|Any CPU
		{59BF8F49-9491-437D-AB49-718DBE296007}.Debug|Any CPU.Build.0 = Debug|Any CPU
		{59BF8F49-9491-437D-AB49-718DBE296007}.Release|Any CPU.ActiveCfg = Release|Any CPU
		{59BF8F49-9491-437D-AB49-718DBE296007}.Release|Any CPU.Build.0 = Release|Any CPU
	EndGlobalSection
	GlobalSection(SolutionProperties) = preSolution
		HideSolutionNode = FALSE
	EndGlobalSection
	GlobalSection(ExtensibilityGlobals) = postSolution
		SolutionGuid = {D7ABC8B9-F60C-4CBF-804D-2A1E4F574B52}
	EndGlobalSection
EndGlobal
