
Microsoft Visual Studio Solution File, Format Version 12.00
# Visual Studio 15
VisualStudioVersion = 15.0.28010.2041
MinimumVisualStudioVersion = 10.0.40219.1
Project("{FAE04EC0-301F-11D3-BF4B-00C04F79EFBC}") = "DependencyInjection", "DependencyInjection\DependencyInjection.csproj", "{FEA43815-0E5B-4747-A602-0123736D9E9B}"
EndProject
Project("{FAE04EC0-301F-11D3-BF4B-00C04F79EFBC}") = "Library", "Library\Library.csproj", "{79F24612-6A47-4CF9-85CD-75AC838F80F6}"
EndProject
Global
	GlobalSection(SolutionConfigurationPlatforms) = preSolution
		Debug|Any CPU = Debug|Any CPU
		Release|Any CPU = Release|Any CPU
	EndGlobalSection
	GlobalSection(ProjectConfigurationPlatforms) = postSolution
		{FEA43815-0E5B-4747-A602-0123736D9E9B}.Debug|Any CPU.ActiveCfg = Debug|Any CPU
		{FEA43815-0E5B-4747-A602-0123736D9E9B}.Debug|Any CPU.Build.0 = Debug|Any CPU
		{FEA43815-0E5B-4747-A602-0123736D9E9B}.Release|Any CPU.ActiveCfg = Release|Any CPU
		{FEA43815-0E5B-4747-A602-0123736D9E9B}.Release|Any CPU.Build.0 = Release|Any CPU
		{79F24612-6A47-4CF9-85CD-75AC838F80F6}.Debug|Any CPU.ActiveCfg = Debug|Any CPU
		{79F24612-6A47-4CF9-85CD-75AC838F80F6}.Debug|Any CPU.Build.0 = Debug|Any CPU
		{79F24612-6A47-4CF9-85CD-75AC838F80F6}.Release|Any CPU.ActiveCfg = Release|Any CPU
		{79F24612-6A47-4CF9-85CD-75AC838F80F6}.Release|Any CPU.Build.0 = Release|Any CPU
	EndGlobalSection
	GlobalSection(SolutionProperties) = preSolution
		HideSolutionNode = FALSE
	EndGlobalSection
	GlobalSection(ExtensibilityGlobals) = postSolution
		SolutionGuid = {DF60247C-047B-4CFA-8E38-4F176E2176EA}
	EndGlobalSection
EndGlobal
