
Microsoft Visual Studio Solution File, Format Version 12.00
# Visual Studio 15
VisualStudioVersion = 15.0.28010.2041
MinimumVisualStudioVersion = 10.0.40219.1
Project("{FAE04EC0-301F-11D3-BF4B-00C04F79EFBC}") = "WebApplication", "WebApplication\WebApplication.csproj", "{5394F09E-4C40-4E5C-8C72-1104C35C6646}"
EndProject
Global
	GlobalSection(SolutionConfigurationPlatforms) = preSolution
		Debug|Any CPU = Debug|Any CPU
		Release|Any CPU = Release|Any CPU
	EndGlobalSection
	GlobalSection(ProjectConfigurationPlatforms) = postSolution
		{5394F09E-4C40-4E5C-8C72-1104C35C6646}.Debug|Any CPU.ActiveCfg = Debug|Any CPU
		{5394F09E-4C40-4E5C-8C72-1104C35C6646}.Debug|Any CPU.Build.0 = Debug|Any CPU
		{5394F09E-4C40-4E5C-8C72-1104C35C6646}.Release|Any CPU.ActiveCfg = Release|Any CPU
		{5394F09E-4C40-4E5C-8C72-1104C35C6646}.Release|Any CPU.Build.0 = Release|Any CPU
	EndGlobalSection
	GlobalSection(SolutionProperties) = preSolution
		HideSolutionNode = FALSE
	EndGlobalSection
	GlobalSection(ExtensibilityGlobals) = postSolution
		SolutionGuid = {BCBFB881-B8A1-4979-B671-77749422AB0E}
	EndGlobalSection
EndGlobal
