
Microsoft Visual Studio Solution File, Format Version 12.00
# Visual Studio 15
VisualStudioVersion = 15.0.28010.2041
MinimumVisualStudioVersion = 10.0.40219.1
Project("{FAE04EC0-301F-11D3-BF4B-00C04F79EFBC}") = "WebProject2", "WebProject2\WebProject2.csproj", "{A186A4F1-1B56-4D5B-A709-8ED82D7A9CC6}"
EndProject
Project("{FAE04EC0-301F-11D3-BF4B-00C04F79EFBC}") = "WebJob1", "WebJob1\WebJob1.csproj", "{BF82BFDA-031A-4106-9263-3E793A8C5BD1}"
EndProject
Project("{FAE04EC0-301F-11D3-BF4B-00C04F79EFBC}") = "WebJob2", "WebJob2\WebJob2.csproj", "{4A526B7C-4536-4518-893E-DEC89741730A}"
EndProject
Project("{FAE04EC0-301F-11D3-BF4B-00C04F79EFBC}") = "WebJob3", "WebJob3\WebJob3.csproj", "{FF6924EA-ECAE-4325-A84F-FC51321199E6}"
EndProject
Global
	GlobalSection(SolutionConfigurationPlatforms) = preSolution
		Debug|Any CPU = Debug|Any CPU
		Release|Any CPU = Release|Any CPU
	EndGlobalSection
	GlobalSection(ProjectConfigurationPlatforms) = postSolution
		{A186A4F1-1B56-4D5B-A709-8ED82D7A9CC6}.Debug|Any CPU.ActiveCfg = Debug|Any CPU
		{A186A4F1-1B56-4D5B-A709-8ED82D7A9CC6}.Debug|Any CPU.Build.0 = Debug|Any CPU
		{A186A4F1-1B56-4D5B-A709-8ED82D7A9CC6}.Release|Any CPU.ActiveCfg = Release|Any CPU
		{A186A4F1-1B56-4D5B-A709-8ED82D7A9CC6}.Release|Any CPU.Build.0 = Release|Any CPU
		{BF82BFDA-031A-4106-9263-3E793A8C5BD1}.Debug|Any CPU.ActiveCfg = Debug|Any CPU
		{BF82BFDA-031A-4106-9263-3E793A8C5BD1}.Debug|Any CPU.Build.0 = Debug|Any CPU
		{BF82BFDA-031A-4106-9263-3E793A8C5BD1}.Release|Any CPU.ActiveCfg = Release|Any CPU
		{BF82BFDA-031A-4106-9263-3E793A8C5BD1}.Release|Any CPU.Build.0 = Release|Any CPU
		{4A526B7C-4536-4518-893E-DEC89741730A}.Debug|Any CPU.ActiveCfg = Debug|Any CPU
		{4A526B7C-4536-4518-893E-DEC89741730A}.Debug|Any CPU.Build.0 = Debug|Any CPU
		{4A526B7C-4536-4518-893E-DEC89741730A}.Release|Any CPU.ActiveCfg = Release|Any CPU
		{4A526B7C-4536-4518-893E-DEC89741730A}.Release|Any CPU.Build.0 = Release|Any CPU
		{FF6924EA-ECAE-4325-A84F-FC51321199E6}.Debug|Any CPU.ActiveCfg = Debug|Any CPU
		{FF6924EA-ECAE-4325-A84F-FC51321199E6}.Debug|Any CPU.Build.0 = Debug|Any CPU
		{FF6924EA-ECAE-4325-A84F-FC51321199E6}.Release|Any CPU.ActiveCfg = Release|Any CPU
		{FF6924EA-ECAE-4325-A84F-FC51321199E6}.Release|Any CPU.Build.0 = Release|Any CPU
	EndGlobalSection
	GlobalSection(SolutionProperties) = preSolution
		HideSolutionNode = FALSE
	EndGlobalSection
	GlobalSection(ExtensibilityGlobals) = postSolution
		SolutionGuid = {644D325C-9D28-41EE-9854-BE11ED2C2D48}
	EndGlobalSection
EndGlobal
