
Microsoft Visual Studio Solution File, Format Version 12.00
# Visual Studio 15
VisualStudioVersion = 15.0.28010.2041
MinimumVisualStudioVersion = 10.0.40219.1
Project("{FAE04EC0-301F-11D3-BF4B-00C04F79EFBC}") = "InstancePerMatchingLifeTime", "InstancePerMatchingLifeTime\InstancePerMatchingLifeTime.csproj", "{F726C692-D126-40C6-913C-8B6A8A90537D}"
EndProject
Global
	GlobalSection(SolutionConfigurationPlatforms) = preSolution
		Debug|Any CPU = Debug|Any CPU
		Release|Any CPU = Release|Any CPU
	EndGlobalSection
	GlobalSection(ProjectConfigurationPlatforms) = postSolution
		{F726C692-D126-40C6-913C-8B6A8A90537D}.Debug|Any CPU.ActiveCfg = Debug|Any CPU
		{F726C692-D126-40C6-913C-8B6A8A90537D}.Debug|Any CPU.Build.0 = Debug|Any CPU
		{F726C692-D126-40C6-913C-8B6A8A90537D}.Release|Any CPU.ActiveCfg = Release|Any CPU
		{F726C692-D126-40C6-913C-8B6A8A90537D}.Release|Any CPU.Build.0 = Release|Any CPU
	EndGlobalSection
	GlobalSection(SolutionProperties) = preSolution
		HideSolutionNode = FALSE
	EndGlobalSection
	GlobalSection(ExtensibilityGlobals) = postSolution
		SolutionGuid = {BBF85AB8-7721-488E-9EB1-8C948BCB396D}
	EndGlobalSection
EndGlobal
