
Microsoft Visual Studio Solution File, Format Version 12.00
# Visual Studio 15
VisualStudioVersion = 15.0.28010.2041
MinimumVisualStudioVersion = 10.0.40219.1
Project("{FAE04EC0-301F-11D3-BF4B-00C04F79EFBC}") = "1_training", "1_training\1_training.csproj", "{C32F4428-8395-4DC3-BF36-5DC8843BB157}"
EndProject
Global
	GlobalSection(SolutionConfigurationPlatforms) = preSolution
		Debug|Any CPU = Debug|Any CPU
		Release|Any CPU = Release|Any CPU
	EndGlobalSection
	GlobalSection(ProjectConfigurationPlatforms) = postSolution
		{C32F4428-8395-4DC3-BF36-5DC8843BB157}.Debug|Any CPU.ActiveCfg = Debug|Any CPU
		{C32F4428-8395-4DC3-BF36-5DC8843BB157}.Debug|Any CPU.Build.0 = Debug|Any CPU
		{C32F4428-8395-4DC3-BF36-5DC8843BB157}.Release|Any CPU.ActiveCfg = Release|Any CPU
		{C32F4428-8395-4DC3-BF36-5DC8843BB157}.Release|Any CPU.Build.0 = Release|Any CPU
	EndGlobalSection
	GlobalSection(SolutionProperties) = preSolution
		HideSolutionNode = FALSE
	EndGlobalSection
	GlobalSection(ExtensibilityGlobals) = postSolution
		SolutionGuid = {3617F4BD-2291-40B1-A06E-00F6EFC81201}
	EndGlobalSection
EndGlobal
