
Microsoft Visual Studio Solution File, Format Version 12.00
# Visual Studio 15
VisualStudioVersion = 15.0.28307.572
MinimumVisualStudioVersion = 10.0.40219.1
Project("{FAE04EC0-301F-11D3-BF4B-00C04F79EFBC}") = "TestingConsoleApp", "TestingConsoleApp\TestingConsoleApp.csproj", "{2CEA5045-9B47-4435-BE28-E717EFD27486}"
EndProject
Global
	GlobalSection(SolutionConfigurationPlatforms) = preSolution
		Debug|Any CPU = Debug|Any CPU
		Release|Any CPU = Release|Any CPU
	EndGlobalSection
	GlobalSection(ProjectConfigurationPlatforms) = postSolution
		{2CEA5045-9B47-4435-BE28-E717EFD27486}.Debug|Any CPU.ActiveCfg = Debug|Any CPU
		{2CEA5045-9B47-4435-BE28-E717EFD27486}.Debug|Any CPU.Build.0 = Debug|Any CPU
		{2CEA5045-9B47-4435-BE28-E717EFD27486}.Release|Any CPU.ActiveCfg = Release|Any CPU
		{2CEA5045-9B47-4435-BE28-E717EFD27486}.Release|Any CPU.Build.0 = Release|Any CPU
	EndGlobalSection
	GlobalSection(SolutionProperties) = preSolution
		HideSolutionNode = FALSE
	EndGlobalSection
	GlobalSection(ExtensibilityGlobals) = postSolution
		SolutionGuid = {A4FC712F-D750-49DD-B959-34CE50425E61}
	EndGlobalSection
EndGlobal
