
Microsoft Visual Studio Solution File, Format Version 12.00
# Visual Studio 15
VisualStudioVersion = 15.0.28010.2041
MinimumVisualStudioVersion = 10.0.40219.1
Project("{FAE04EC0-301F-11D3-BF4B-00C04F79EFBC}") = "Heroes", "War\Heroes.csproj", "{2A01065A-1992-4F50-B8AE-92422512C3A8}"
EndProject
Project("{FAE04EC0-301F-11D3-BF4B-00C04F79EFBC}") = "DependencyInjection", "DependencyInjection\DependencyInjection.csproj", "{6C745A88-CEF3-4CFF-A577-90CA6B17B12C}"
EndProject
Global
	GlobalSection(SolutionConfigurationPlatforms) = preSolution
		Debug|Any CPU = Debug|Any CPU
		Release|Any CPU = Release|Any CPU
	EndGlobalSection
	GlobalSection(ProjectConfigurationPlatforms) = postSolution
		{2A01065A-1992-4F50-B8AE-92422512C3A8}.Debug|Any CPU.ActiveCfg = Debug|Any CPU
		{2A01065A-1992-4F50-B8AE-92422512C3A8}.Debug|Any CPU.Build.0 = Debug|Any CPU
		{2A01065A-1992-4F50-B8AE-92422512C3A8}.Release|Any CPU.ActiveCfg = Release|Any CPU
		{2A01065A-1992-4F50-B8AE-92422512C3A8}.Release|Any CPU.Build.0 = Release|Any CPU
		{6C745A88-CEF3-4CFF-A577-90CA6B17B12C}.Debug|Any CPU.ActiveCfg = Debug|Any CPU
		{6C745A88-CEF3-4CFF-A577-90CA6B17B12C}.Debug|Any CPU.Build.0 = Debug|Any CPU
		{6C745A88-CEF3-4CFF-A577-90CA6B17B12C}.Release|Any CPU.ActiveCfg = Release|Any CPU
		{6C745A88-CEF3-4CFF-A577-90CA6B17B12C}.Release|Any CPU.Build.0 = Release|Any CPU
	EndGlobalSection
	GlobalSection(SolutionProperties) = preSolution
		HideSolutionNode = FALSE
	EndGlobalSection
	GlobalSection(ExtensibilityGlobals) = postSolution
		SolutionGuid = {385D77D7-9B14-4875-AA7D-6B170197198D}
	EndGlobalSection
EndGlobal
