
Microsoft Visual Studio Solution File, Format Version 12.00
# Visual Studio 15
VisualStudioVersion = 15.0.28010.2041
MinimumVisualStudioVersion = 10.0.40219.1
Project("{FAE04EC0-301F-11D3-BF4B-00C04F79EFBC}") = "MVC", "MVC\MVC.csproj", "{995FBE83-25C4-40BD-9C60-948911DC5778}"
EndProject
Global
	GlobalSection(SolutionConfigurationPlatforms) = preSolution
		Debug|Any CPU = Debug|Any CPU
		Release|Any CPU = Release|Any CPU
	EndGlobalSection
	GlobalSection(ProjectConfigurationPlatforms) = postSolution
		{995FBE83-25C4-40BD-9C60-948911DC5778}.Debug|Any CPU.ActiveCfg = Debug|Any CPU
		{995FBE83-25C4-40BD-9C60-948911DC5778}.Debug|Any CPU.Build.0 = Debug|Any CPU
		{995FBE83-25C4-40BD-9C60-948911DC5778}.Release|Any CPU.ActiveCfg = Release|Any CPU
		{995FBE83-25C4-40BD-9C60-948911DC5778}.Release|Any CPU.Build.0 = Release|Any CPU
	EndGlobalSection
	GlobalSection(SolutionProperties) = preSolution
		HideSolutionNode = FALSE
	EndGlobalSection
	GlobalSection(ExtensibilityGlobals) = postSolution
		SolutionGuid = {EDE8162D-A641-4256-B57D-06E831802BE4}
	EndGlobalSection
EndGlobal
